
Microsoft Visual Studio Solution File, Format Version 12.00
# Visual Studio Version 17
VisualStudioVersion = 17.6.33829.357
MinimumVisualStudioVersion = 10.0.40219.1
Project("{2150E333-8FDC-42A3-9474-1A3956D46DE8}") = "src", "src", "{9982665A-5852-4203-8FC5-495C271460E0}"
EndProject
Project("{2150E333-8FDC-42A3-9474-1A3956D46DE8}") = "solution-folder", "solution-folder", "{C1CBA5FD-4D60-43E7-BE19-D38441681835}"
	ProjectSection(SolutionItems) = preProject
		.gitignore = .gitignore
		README.md = README.md
		docs\Report20230824-1105.diagsession = docs\Report20230824-1105.diagsession
	EndProjectSection
EndProject
Project("{FAE04EC0-301F-11D3-BF4B-00C04F79EFBC}") = "IpScanner.Ui", "src\IpScanner.Ui\IpScanner.Ui.csproj", "{2CFF309F-7758-46D0-A876-8CDFA040A37E}"
EndProject
Project("{FAE04EC0-301F-11D3-BF4B-00C04F79EFBC}") = "IpScanner.Domain", "src\IpScanner.Domain\IpScanner.Domain.csproj", "{41BD8B5F-4CD5-4686-9E20-B21CDB18EB7D}"
EndProject
Project("{2150E333-8FDC-42A3-9474-1A3956D46DE8}") = "tests", "tests", "{F88009A3-0CAA-4E6A-BDA4-084AE3F34E86}"
EndProject
Project("{FAE04EC0-301F-11D3-BF4B-00C04F79EFBC}") = "IpScanner.Domain.UnitTests", "tests\IpScanner.Domain.UnitTests\IpScanner.Domain.UnitTests.csproj", "{4A321202-026C-42CB-BD0E-210F9290E236}"
EndProject
Project("{FAE04EC0-301F-11D3-BF4B-00C04F79EFBC}") = "IpScanner.Infrastructure", "src\IpScanner.Infrastructure\IpScanner.Infrastructure.csproj", "{1B9DC7D3-0763-4F6F-9EA9-9ED5A608D273}"
EndProject
Project("{FAE04EC0-301F-11D3-BF4B-00C04F79EFBC}") = "IpScanner.Infrastructure.UnitTests", "tests\IpScanner.Infrastructure.UnitTests\IpScanner.Infrastructure.UnitTests.csproj", "{D4AC4E87-42CF-4D14-8D44-649F13BA6824}"
EndProject
Project("{9A19103F-16F7-4668-BE54-9A1E7A4F7556}") = "IpScanner.Helpers", "src\IpScanner.Helpers\IpScanner.Helpers.csproj", "{640573F2-6D58-4C6D-B6A3-AF8BA223C46A}"
EndProject
Project("{9A19103F-16F7-4668-BE54-9A1E7A4F7556}") = "IpScanner.Models", "src\IpScanner.Models\IpScanner.Models.csproj", "{64B42982-B487-4C31-AF70-DB623FCAE78C}"
EndProject
Project("{FAE04EC0-301F-11D3-BF4B-00C04F79EFBC}") = "IpScanner.Services", "src\IpScanner.Services\IpScanner.Services.csproj", "{A4B169A5-DC8B-404A-A9E6-98E219A04ACE}"
EndProject
Project("{FAE04EC0-301F-11D3-BF4B-00C04F79EFBC}") = "IpScanner.ViewModels", "src\IpScanner.ViewModels\IpScanner.ViewModels.csproj", "{D8B43F64-6333-4565-87C8-8F2C4D52C181}"
EndProject
Project("{FAE04EC0-301F-11D3-BF4B-00C04F79EFBC}") = "IpScanner.Models.UnitTests", "tests\IpScanner.Models.UnitTests\IpScanner.Models.UnitTests.csproj", "{426D0804-5C18-4C3A-957B-A7C93ECF3CEC}"
EndProject
Global
	GlobalSection(SolutionConfigurationPlatforms) = preSolution
		Debug|Any CPU = Debug|Any CPU
		Debug|ARM = Debug|ARM
		Debug|ARM64 = Debug|ARM64
		Debug|x64 = Debug|x64
		Debug|x86 = Debug|x86
		Release|Any CPU = Release|Any CPU
		Release|ARM = Release|ARM
		Release|ARM64 = Release|ARM64
		Release|x64 = Release|x64
		Release|x86 = Release|x86
	EndGlobalSection
	GlobalSection(ProjectConfigurationPlatforms) = postSolution
		{2CFF309F-7758-46D0-A876-8CDFA040A37E}.Debug|Any CPU.ActiveCfg = Debug|Any CPU
		{2CFF309F-7758-46D0-A876-8CDFA040A37E}.Debug|Any CPU.Build.0 = Debug|Any CPU
		{2CFF309F-7758-46D0-A876-8CDFA040A37E}.Debug|Any CPU.Deploy.0 = Debug|Any CPU
		{2CFF309F-7758-46D0-A876-8CDFA040A37E}.Debug|ARM.ActiveCfg = Debug|ARM
		{2CFF309F-7758-46D0-A876-8CDFA040A37E}.Debug|ARM.Build.0 = Debug|ARM
		{2CFF309F-7758-46D0-A876-8CDFA040A37E}.Debug|ARM.Deploy.0 = Debug|ARM
		{2CFF309F-7758-46D0-A876-8CDFA040A37E}.Debug|ARM64.ActiveCfg = Debug|ARM64
		{2CFF309F-7758-46D0-A876-8CDFA040A37E}.Debug|ARM64.Build.0 = Debug|ARM64
		{2CFF309F-7758-46D0-A876-8CDFA040A37E}.Debug|ARM64.Deploy.0 = Debug|ARM64
		{2CFF309F-7758-46D0-A876-8CDFA040A37E}.Debug|x64.ActiveCfg = Debug|x64
		{2CFF309F-7758-46D0-A876-8CDFA040A37E}.Debug|x64.Build.0 = Debug|x64
		{2CFF309F-7758-46D0-A876-8CDFA040A37E}.Debug|x64.Deploy.0 = Debug|x64
		{2CFF309F-7758-46D0-A876-8CDFA040A37E}.Debug|x86.ActiveCfg = Debug|x86
		{2CFF309F-7758-46D0-A876-8CDFA040A37E}.Debug|x86.Build.0 = Debug|x86
		{2CFF309F-7758-46D0-A876-8CDFA040A37E}.Debug|x86.Deploy.0 = Debug|x86
		{2CFF309F-7758-46D0-A876-8CDFA040A37E}.Release|Any CPU.ActiveCfg = Release|Any CPU
		{2CFF309F-7758-46D0-A876-8CDFA040A37E}.Release|Any CPU.Build.0 = Release|Any CPU
		{2CFF309F-7758-46D0-A876-8CDFA040A37E}.Release|Any CPU.Deploy.0 = Release|Any CPU
		{2CFF309F-7758-46D0-A876-8CDFA040A37E}.Release|ARM.ActiveCfg = Release|ARM
		{2CFF309F-7758-46D0-A876-8CDFA040A37E}.Release|ARM.Build.0 = Release|ARM
		{2CFF309F-7758-46D0-A876-8CDFA040A37E}.Release|ARM.Deploy.0 = Release|ARM
		{2CFF309F-7758-46D0-A876-8CDFA040A37E}.Release|ARM64.ActiveCfg = Release|ARM64
		{2CFF309F-7758-46D0-A876-8CDFA040A37E}.Release|ARM64.Build.0 = Release|ARM64
		{2CFF309F-7758-46D0-A876-8CDFA040A37E}.Release|ARM64.Deploy.0 = Release|ARM64
		{2CFF309F-7758-46D0-A876-8CDFA040A37E}.Release|x64.ActiveCfg = Release|x64
		{2CFF309F-7758-46D0-A876-8CDFA040A37E}.Release|x64.Build.0 = Release|x64
		{2CFF309F-7758-46D0-A876-8CDFA040A37E}.Release|x64.Deploy.0 = Release|x64
		{2CFF309F-7758-46D0-A876-8CDFA040A37E}.Release|x86.ActiveCfg = Release|x86
		{2CFF309F-7758-46D0-A876-8CDFA040A37E}.Release|x86.Build.0 = Release|x86
		{2CFF309F-7758-46D0-A876-8CDFA040A37E}.Release|x86.Deploy.0 = Release|x86
		{41BD8B5F-4CD5-4686-9E20-B21CDB18EB7D}.Debug|Any CPU.ActiveCfg = Debug|Any CPU
		{41BD8B5F-4CD5-4686-9E20-B21CDB18EB7D}.Debug|Any CPU.Build.0 = Debug|Any CPU
		{41BD8B5F-4CD5-4686-9E20-B21CDB18EB7D}.Debug|ARM.ActiveCfg = Debug|ARM
		{41BD8B5F-4CD5-4686-9E20-B21CDB18EB7D}.Debug|ARM.Build.0 = Debug|ARM
		{41BD8B5F-4CD5-4686-9E20-B21CDB18EB7D}.Debug|ARM64.ActiveCfg = Debug|ARM64
		{41BD8B5F-4CD5-4686-9E20-B21CDB18EB7D}.Debug|ARM64.Build.0 = Debug|ARM64
		{41BD8B5F-4CD5-4686-9E20-B21CDB18EB7D}.Debug|x64.ActiveCfg = Debug|x64
		{41BD8B5F-4CD5-4686-9E20-B21CDB18EB7D}.Debug|x64.Build.0 = Debug|x64
		{41BD8B5F-4CD5-4686-9E20-B21CDB18EB7D}.Debug|x86.ActiveCfg = Debug|x86
		{41BD8B5F-4CD5-4686-9E20-B21CDB18EB7D}.Debug|x86.Build.0 = Debug|x86
		{41BD8B5F-4CD5-4686-9E20-B21CDB18EB7D}.Release|Any CPU.ActiveCfg = Release|Any CPU
		{41BD8B5F-4CD5-4686-9E20-B21CDB18EB7D}.Release|Any CPU.Build.0 = Release|Any CPU
		{41BD8B5F-4CD5-4686-9E20-B21CDB18EB7D}.Release|ARM.ActiveCfg = Release|ARM
		{41BD8B5F-4CD5-4686-9E20-B21CDB18EB7D}.Release|ARM.Build.0 = Release|ARM
		{41BD8B5F-4CD5-4686-9E20-B21CDB18EB7D}.Release|ARM64.ActiveCfg = Release|ARM64
		{41BD8B5F-4CD5-4686-9E20-B21CDB18EB7D}.Release|ARM64.Build.0 = Release|ARM64
		{41BD8B5F-4CD5-4686-9E20-B21CDB18EB7D}.Release|x64.ActiveCfg = Release|x64
		{41BD8B5F-4CD5-4686-9E20-B21CDB18EB7D}.Release|x64.Build.0 = Release|x64
		{41BD8B5F-4CD5-4686-9E20-B21CDB18EB7D}.Release|x86.ActiveCfg = Release|x86
		{41BD8B5F-4CD5-4686-9E20-B21CDB18EB7D}.Release|x86.Build.0 = Release|x86
		{4A321202-026C-42CB-BD0E-210F9290E236}.Debug|Any CPU.ActiveCfg = Debug|x64
		{4A321202-026C-42CB-BD0E-210F9290E236}.Debug|Any CPU.Build.0 = Debug|x64
		{4A321202-026C-42CB-BD0E-210F9290E236}.Debug|Any CPU.Deploy.0 = Debug|x64
		{4A321202-026C-42CB-BD0E-210F9290E236}.Debug|ARM.ActiveCfg = Debug|ARM
		{4A321202-026C-42CB-BD0E-210F9290E236}.Debug|ARM.Build.0 = Debug|ARM
		{4A321202-026C-42CB-BD0E-210F9290E236}.Debug|ARM.Deploy.0 = Debug|ARM
		{4A321202-026C-42CB-BD0E-210F9290E236}.Debug|ARM64.ActiveCfg = Debug|ARM64
		{4A321202-026C-42CB-BD0E-210F9290E236}.Debug|ARM64.Build.0 = Debug|ARM64
		{4A321202-026C-42CB-BD0E-210F9290E236}.Debug|ARM64.Deploy.0 = Debug|ARM64
		{4A321202-026C-42CB-BD0E-210F9290E236}.Debug|x64.ActiveCfg = Debug|x64
		{4A321202-026C-42CB-BD0E-210F9290E236}.Debug|x64.Build.0 = Debug|x64
		{4A321202-026C-42CB-BD0E-210F9290E236}.Debug|x64.Deploy.0 = Debug|x64
		{4A321202-026C-42CB-BD0E-210F9290E236}.Debug|x86.ActiveCfg = Debug|x86
		{4A321202-026C-42CB-BD0E-210F9290E236}.Debug|x86.Build.0 = Debug|x86
		{4A321202-026C-42CB-BD0E-210F9290E236}.Debug|x86.Deploy.0 = Debug|x86
		{4A321202-026C-42CB-BD0E-210F9290E236}.Release|Any CPU.ActiveCfg = Release|x64
		{4A321202-026C-42CB-BD0E-210F9290E236}.Release|Any CPU.Build.0 = Release|x64
		{4A321202-026C-42CB-BD0E-210F9290E236}.Release|Any CPU.Deploy.0 = Release|x64
		{4A321202-026C-42CB-BD0E-210F9290E236}.Release|ARM.ActiveCfg = Release|ARM
		{4A321202-026C-42CB-BD0E-210F9290E236}.Release|ARM.Build.0 = Release|ARM
		{4A321202-026C-42CB-BD0E-210F9290E236}.Release|ARM.Deploy.0 = Release|ARM
		{4A321202-026C-42CB-BD0E-210F9290E236}.Release|ARM64.ActiveCfg = Release|ARM64
		{4A321202-026C-42CB-BD0E-210F9290E236}.Release|ARM64.Build.0 = Release|ARM64
		{4A321202-026C-42CB-BD0E-210F9290E236}.Release|ARM64.Deploy.0 = Release|ARM64
		{4A321202-026C-42CB-BD0E-210F9290E236}.Release|x64.ActiveCfg = Release|x64
		{4A321202-026C-42CB-BD0E-210F9290E236}.Release|x64.Build.0 = Release|x64
		{4A321202-026C-42CB-BD0E-210F9290E236}.Release|x64.Deploy.0 = Release|x64
		{4A321202-026C-42CB-BD0E-210F9290E236}.Release|x86.ActiveCfg = Release|x86
		{4A321202-026C-42CB-BD0E-210F9290E236}.Release|x86.Build.0 = Release|x86
		{4A321202-026C-42CB-BD0E-210F9290E236}.Release|x86.Deploy.0 = Release|x86
		{1B9DC7D3-0763-4F6F-9EA9-9ED5A608D273}.Debug|Any CPU.ActiveCfg = Debug|Any CPU
		{1B9DC7D3-0763-4F6F-9EA9-9ED5A608D273}.Debug|Any CPU.Build.0 = Debug|Any CPU
		{1B9DC7D3-0763-4F6F-9EA9-9ED5A608D273}.Debug|ARM.ActiveCfg = Debug|ARM
		{1B9DC7D3-0763-4F6F-9EA9-9ED5A608D273}.Debug|ARM.Build.0 = Debug|ARM
		{1B9DC7D3-0763-4F6F-9EA9-9ED5A608D273}.Debug|ARM64.ActiveCfg = Debug|ARM64
		{1B9DC7D3-0763-4F6F-9EA9-9ED5A608D273}.Debug|ARM64.Build.0 = Debug|ARM64
		{1B9DC7D3-0763-4F6F-9EA9-9ED5A608D273}.Debug|x64.ActiveCfg = Debug|x64
		{1B9DC7D3-0763-4F6F-9EA9-9ED5A608D273}.Debug|x64.Build.0 = Debug|x64
		{1B9DC7D3-0763-4F6F-9EA9-9ED5A608D273}.Debug|x86.ActiveCfg = Debug|x86
		{1B9DC7D3-0763-4F6F-9EA9-9ED5A608D273}.Debug|x86.Build.0 = Debug|x86
		{1B9DC7D3-0763-4F6F-9EA9-9ED5A608D273}.Release|Any CPU.ActiveCfg = Release|Any CPU
		{1B9DC7D3-0763-4F6F-9EA9-9ED5A608D273}.Release|Any CPU.Build.0 = Release|Any CPU
		{1B9DC7D3-0763-4F6F-9EA9-9ED5A608D273}.Release|ARM.ActiveCfg = Release|ARM
		{1B9DC7D3-0763-4F6F-9EA9-9ED5A608D273}.Release|ARM.Build.0 = Release|ARM
		{1B9DC7D3-0763-4F6F-9EA9-9ED5A608D273}.Release|ARM64.ActiveCfg = Release|ARM64
		{1B9DC7D3-0763-4F6F-9EA9-9ED5A608D273}.Release|ARM64.Build.0 = Release|ARM64
		{1B9DC7D3-0763-4F6F-9EA9-9ED5A608D273}.Release|x64.ActiveCfg = Release|x64
		{1B9DC7D3-0763-4F6F-9EA9-9ED5A608D273}.Release|x64.Build.0 = Release|x64
		{1B9DC7D3-0763-4F6F-9EA9-9ED5A608D273}.Release|x86.ActiveCfg = Release|x86
		{1B9DC7D3-0763-4F6F-9EA9-9ED5A608D273}.Release|x86.Build.0 = Release|x86
		{D4AC4E87-42CF-4D14-8D44-649F13BA6824}.Debug|Any CPU.ActiveCfg = Debug|x64
		{D4AC4E87-42CF-4D14-8D44-649F13BA6824}.Debug|Any CPU.Build.0 = Debug|x64
		{D4AC4E87-42CF-4D14-8D44-649F13BA6824}.Debug|Any CPU.Deploy.0 = Debug|x64
		{D4AC4E87-42CF-4D14-8D44-649F13BA6824}.Debug|ARM.ActiveCfg = Debug|ARM
		{D4AC4E87-42CF-4D14-8D44-649F13BA6824}.Debug|ARM.Build.0 = Debug|ARM
		{D4AC4E87-42CF-4D14-8D44-649F13BA6824}.Debug|ARM.Deploy.0 = Debug|ARM
		{D4AC4E87-42CF-4D14-8D44-649F13BA6824}.Debug|ARM64.ActiveCfg = Debug|ARM64
		{D4AC4E87-42CF-4D14-8D44-649F13BA6824}.Debug|ARM64.Build.0 = Debug|ARM64
		{D4AC4E87-42CF-4D14-8D44-649F13BA6824}.Debug|ARM64.Deploy.0 = Debug|ARM64
		{D4AC4E87-42CF-4D14-8D44-649F13BA6824}.Debug|x64.ActiveCfg = Debug|x64
		{D4AC4E87-42CF-4D14-8D44-649F13BA6824}.Debug|x64.Build.0 = Debug|x64
		{D4AC4E87-42CF-4D14-8D44-649F13BA6824}.Debug|x64.Deploy.0 = Debug|x64
		{D4AC4E87-42CF-4D14-8D44-649F13BA6824}.Debug|x86.ActiveCfg = Debug|x86
		{D4AC4E87-42CF-4D14-8D44-649F13BA6824}.Debug|x86.Build.0 = Debug|x86
		{D4AC4E87-42CF-4D14-8D44-649F13BA6824}.Debug|x86.Deploy.0 = Debug|x86
		{D4AC4E87-42CF-4D14-8D44-649F13BA6824}.Release|Any CPU.ActiveCfg = Release|x64
		{D4AC4E87-42CF-4D14-8D44-649F13BA6824}.Release|Any CPU.Build.0 = Release|x64
		{D4AC4E87-42CF-4D14-8D44-649F13BA6824}.Release|Any CPU.Deploy.0 = Release|x64
		{D4AC4E87-42CF-4D14-8D44-649F13BA6824}.Release|ARM.ActiveCfg = Release|ARM
		{D4AC4E87-42CF-4D14-8D44-649F13BA6824}.Release|ARM.Build.0 = Release|ARM
		{D4AC4E87-42CF-4D14-8D44-649F13BA6824}.Release|ARM.Deploy.0 = Release|ARM
		{D4AC4E87-42CF-4D14-8D44-649F13BA6824}.Release|ARM64.ActiveCfg = Release|ARM64
		{D4AC4E87-42CF-4D14-8D44-649F13BA6824}.Release|ARM64.Build.0 = Release|ARM64
		{D4AC4E87-42CF-4D14-8D44-649F13BA6824}.Release|ARM64.Deploy.0 = Release|ARM64
		{D4AC4E87-42CF-4D14-8D44-649F13BA6824}.Release|x64.ActiveCfg = Release|x64
		{D4AC4E87-42CF-4D14-8D44-649F13BA6824}.Release|x64.Build.0 = Release|x64
		{D4AC4E87-42CF-4D14-8D44-649F13BA6824}.Release|x64.Deploy.0 = Release|x64
		{D4AC4E87-42CF-4D14-8D44-649F13BA6824}.Release|x86.ActiveCfg = Release|x86
		{D4AC4E87-42CF-4D14-8D44-649F13BA6824}.Release|x86.Build.0 = Release|x86
		{D4AC4E87-42CF-4D14-8D44-649F13BA6824}.Release|x86.Deploy.0 = Release|x86
		{640573F2-6D58-4C6D-B6A3-AF8BA223C46A}.Debug|Any CPU.ActiveCfg = Debug|Any CPU
		{640573F2-6D58-4C6D-B6A3-AF8BA223C46A}.Debug|Any CPU.Build.0 = Debug|Any CPU
		{640573F2-6D58-4C6D-B6A3-AF8BA223C46A}.Debug|ARM.ActiveCfg = Debug|Any CPU
		{640573F2-6D58-4C6D-B6A3-AF8BA223C46A}.Debug|ARM.Build.0 = Debug|Any CPU
		{640573F2-6D58-4C6D-B6A3-AF8BA223C46A}.Debug|ARM64.ActiveCfg = Debug|Any CPU
		{640573F2-6D58-4C6D-B6A3-AF8BA223C46A}.Debug|ARM64.Build.0 = Debug|Any CPU
		{640573F2-6D58-4C6D-B6A3-AF8BA223C46A}.Debug|x64.ActiveCfg = Debug|Any CPU
		{640573F2-6D58-4C6D-B6A3-AF8BA223C46A}.Debug|x64.Build.0 = Debug|Any CPU
		{640573F2-6D58-4C6D-B6A3-AF8BA223C46A}.Debug|x86.ActiveCfg = Debug|Any CPU
		{640573F2-6D58-4C6D-B6A3-AF8BA223C46A}.Debug|x86.Build.0 = Debug|Any CPU
		{640573F2-6D58-4C6D-B6A3-AF8BA223C46A}.Release|Any CPU.ActiveCfg = Release|Any CPU
		{640573F2-6D58-4C6D-B6A3-AF8BA223C46A}.Release|Any CPU.Build.0 = Release|Any CPU
		{640573F2-6D58-4C6D-B6A3-AF8BA223C46A}.Release|ARM.ActiveCfg = Release|Any CPU
		{640573F2-6D58-4C6D-B6A3-AF8BA223C46A}.Release|ARM.Build.0 = Release|Any CPU
		{640573F2-6D58-4C6D-B6A3-AF8BA223C46A}.Release|ARM64.ActiveCfg = Release|Any CPU
		{640573F2-6D58-4C6D-B6A3-AF8BA223C46A}.Release|ARM64.Build.0 = Release|Any CPU
		{640573F2-6D58-4C6D-B6A3-AF8BA223C46A}.Release|x64.ActiveCfg = Release|Any CPU
		{640573F2-6D58-4C6D-B6A3-AF8BA223C46A}.Release|x64.Build.0 = Release|Any CPU
		{640573F2-6D58-4C6D-B6A3-AF8BA223C46A}.Release|x86.ActiveCfg = Release|Any CPU
		{640573F2-6D58-4C6D-B6A3-AF8BA223C46A}.Release|x86.Build.0 = Release|Any CPU
		{64B42982-B487-4C31-AF70-DB623FCAE78C}.Debug|Any CPU.ActiveCfg = Debug|Any CPU
		{64B42982-B487-4C31-AF70-DB623FCAE78C}.Debug|Any CPU.Build.0 = Debug|Any CPU
		{64B42982-B487-4C31-AF70-DB623FCAE78C}.Debug|ARM.ActiveCfg = Debug|Any CPU
		{64B42982-B487-4C31-AF70-DB623FCAE78C}.Debug|ARM.Build.0 = Debug|Any CPU
		{64B42982-B487-4C31-AF70-DB623FCAE78C}.Debug|ARM64.ActiveCfg = Debug|Any CPU
		{64B42982-B487-4C31-AF70-DB623FCAE78C}.Debug|ARM64.Build.0 = Debug|Any CPU
		{64B42982-B487-4C31-AF70-DB623FCAE78C}.Debug|x64.ActiveCfg = Debug|Any CPU
		{64B42982-B487-4C31-AF70-DB623FCAE78C}.Debug|x64.Build.0 = Debug|Any CPU
		{64B42982-B487-4C31-AF70-DB623FCAE78C}.Debug|x86.ActiveCfg = Debug|Any CPU
		{64B42982-B487-4C31-AF70-DB623FCAE78C}.Debug|x86.Build.0 = Debug|Any CPU
		{64B42982-B487-4C31-AF70-DB623FCAE78C}.Release|Any CPU.ActiveCfg = Release|Any CPU
		{64B42982-B487-4C31-AF70-DB623FCAE78C}.Release|Any CPU.Build.0 = Release|Any CPU
		{64B42982-B487-4C31-AF70-DB623FCAE78C}.Release|ARM.ActiveCfg = Release|Any CPU
		{64B42982-B487-4C31-AF70-DB623FCAE78C}.Release|ARM.Build.0 = Release|Any CPU
		{64B42982-B487-4C31-AF70-DB623FCAE78C}.Release|ARM64.ActiveCfg = Release|Any CPU
		{64B42982-B487-4C31-AF70-DB623FCAE78C}.Release|ARM64.Build.0 = Release|Any CPU
		{64B42982-B487-4C31-AF70-DB623FCAE78C}.Release|x64.ActiveCfg = Release|Any CPU
		{64B42982-B487-4C31-AF70-DB623FCAE78C}.Release|x64.Build.0 = Release|Any CPU
		{64B42982-B487-4C31-AF70-DB623FCAE78C}.Release|x86.ActiveCfg = Release|Any CPU
		{64B42982-B487-4C31-AF70-DB623FCAE78C}.Release|x86.Build.0 = Release|Any CPU
		{A4B169A5-DC8B-404A-A9E6-98E219A04ACE}.Debug|Any CPU.ActiveCfg = Debug|Any CPU
		{A4B169A5-DC8B-404A-A9E6-98E219A04ACE}.Debug|Any CPU.Build.0 = Debug|Any CPU
		{A4B169A5-DC8B-404A-A9E6-98E219A04ACE}.Debug|ARM.ActiveCfg = Debug|ARM
		{A4B169A5-DC8B-404A-A9E6-98E219A04ACE}.Debug|ARM.Build.0 = Debug|ARM
		{A4B169A5-DC8B-404A-A9E6-98E219A04ACE}.Debug|ARM64.ActiveCfg = Debug|ARM64
		{A4B169A5-DC8B-404A-A9E6-98E219A04ACE}.Debug|ARM64.Build.0 = Debug|ARM64
		{A4B169A5-DC8B-404A-A9E6-98E219A04ACE}.Debug|x64.ActiveCfg = Debug|x64
		{A4B169A5-DC8B-404A-A9E6-98E219A04ACE}.Debug|x64.Build.0 = Debug|x64
		{A4B169A5-DC8B-404A-A9E6-98E219A04ACE}.Debug|x86.ActiveCfg = Debug|x86
		{A4B169A5-DC8B-404A-A9E6-98E219A04ACE}.Debug|x86.Build.0 = Debug|x86
		{A4B169A5-DC8B-404A-A9E6-98E219A04ACE}.Release|Any CPU.ActiveCfg = Release|Any CPU
		{A4B169A5-DC8B-404A-A9E6-98E219A04ACE}.Release|Any CPU.Build.0 = Release|Any CPU
		{A4B169A5-DC8B-404A-A9E6-98E219A04ACE}.Release|ARM.ActiveCfg = Release|ARM
		{A4B169A5-DC8B-404A-A9E6-98E219A04ACE}.Release|ARM.Build.0 = Release|ARM
		{A4B169A5-DC8B-404A-A9E6-98E219A04ACE}.Release|ARM64.ActiveCfg = Release|ARM64
		{A4B169A5-DC8B-404A-A9E6-98E219A04ACE}.Release|ARM64.Build.0 = Release|ARM64
		{A4B169A5-DC8B-404A-A9E6-98E219A04ACE}.Release|x64.ActiveCfg = Release|x64
		{A4B169A5-DC8B-404A-A9E6-98E219A04ACE}.Release|x64.Build.0 = Release|x64
		{A4B169A5-DC8B-404A-A9E6-98E219A04ACE}.Release|x86.ActiveCfg = Release|x86
		{A4B169A5-DC8B-404A-A9E6-98E219A04ACE}.Release|x86.Build.0 = Release|x86
		{D8B43F64-6333-4565-87C8-8F2C4D52C181}.Debug|Any CPU.ActiveCfg = Debug|Any CPU
		{D8B43F64-6333-4565-87C8-8F2C4D52C181}.Debug|Any CPU.Build.0 = Debug|Any CPU
		{D8B43F64-6333-4565-87C8-8F2C4D52C181}.Debug|ARM.ActiveCfg = Debug|ARM
		{D8B43F64-6333-4565-87C8-8F2C4D52C181}.Debug|ARM.Build.0 = Debug|ARM
		{D8B43F64-6333-4565-87C8-8F2C4D52C181}.Debug|ARM64.ActiveCfg = Debug|ARM64
		{D8B43F64-6333-4565-87C8-8F2C4D52C181}.Debug|ARM64.Build.0 = Debug|ARM64
		{D8B43F64-6333-4565-87C8-8F2C4D52C181}.Debug|x64.ActiveCfg = Debug|x64
		{D8B43F64-6333-4565-87C8-8F2C4D52C181}.Debug|x64.Build.0 = Debug|x64
		{D8B43F64-6333-4565-87C8-8F2C4D52C181}.Debug|x86.ActiveCfg = Debug|x86
		{D8B43F64-6333-4565-87C8-8F2C4D52C181}.Debug|x86.Build.0 = Debug|x86
		{D8B43F64-6333-4565-87C8-8F2C4D52C181}.Release|Any CPU.ActiveCfg = Release|Any CPU
		{D8B43F64-6333-4565-87C8-8F2C4D52C181}.Release|Any CPU.Build.0 = Release|Any CPU
		{D8B43F64-6333-4565-87C8-8F2C4D52C181}.Release|ARM.ActiveCfg = Release|ARM
		{D8B43F64-6333-4565-87C8-8F2C4D52C181}.Release|ARM.Build.0 = Release|ARM
		{D8B43F64-6333-4565-87C8-8F2C4D52C181}.Release|ARM64.ActiveCfg = Release|ARM64
		{D8B43F64-6333-4565-87C8-8F2C4D52C181}.Release|ARM64.Build.0 = Release|ARM64
		{D8B43F64-6333-4565-87C8-8F2C4D52C181}.Release|x64.ActiveCfg = Release|x64
		{D8B43F64-6333-4565-87C8-8F2C4D52C181}.Release|x64.Build.0 = Release|x64
		{D8B43F64-6333-4565-87C8-8F2C4D52C181}.Release|x86.ActiveCfg = Release|x86
		{D8B43F64-6333-4565-87C8-8F2C4D52C181}.Release|x86.Build.0 = Release|x86
		{426D0804-5C18-4C3A-957B-A7C93ECF3CEC}.Debug|Any CPU.ActiveCfg = Debug|x64
		{426D0804-5C18-4C3A-957B-A7C93ECF3CEC}.Debug|Any CPU.Build.0 = Debug|x64
		{426D0804-5C18-4C3A-957B-A7C93ECF3CEC}.Debug|Any CPU.Deploy.0 = Debug|x64
		{426D0804-5C18-4C3A-957B-A7C93ECF3CEC}.Debug|ARM.ActiveCfg = Debug|ARM
		{426D0804-5C18-4C3A-957B-A7C93ECF3CEC}.Debug|ARM.Build.0 = Debug|ARM
		{426D0804-5C18-4C3A-957B-A7C93ECF3CEC}.Debug|ARM.Deploy.0 = Debug|ARM
		{426D0804-5C18-4C3A-957B-A7C93ECF3CEC}.Debug|ARM64.ActiveCfg = Debug|ARM64
		{426D0804-5C18-4C3A-957B-A7C93ECF3CEC}.Debug|ARM64.Build.0 = Debug|ARM64
		{426D0804-5C18-4C3A-957B-A7C93ECF3CEC}.Debug|ARM64.Deploy.0 = Debug|ARM64
		{426D0804-5C18-4C3A-957B-A7C93ECF3CEC}.Debug|x64.ActiveCfg = Debug|x64
		{426D0804-5C18-4C3A-957B-A7C93ECF3CEC}.Debug|x64.Build.0 = Debug|x64
		{426D0804-5C18-4C3A-957B-A7C93ECF3CEC}.Debug|x64.Deploy.0 = Debug|x64
		{426D0804-5C18-4C3A-957B-A7C93ECF3CEC}.Debug|x86.ActiveCfg = Debug|x86
		{426D0804-5C18-4C3A-957B-A7C93ECF3CEC}.Debug|x86.Build.0 = Debug|x86
		{426D0804-5C18-4C3A-957B-A7C93ECF3CEC}.Debug|x86.Deploy.0 = Debug|x86
		{426D0804-5C18-4C3A-957B-A7C93ECF3CEC}.Release|Any CPU.ActiveCfg = Release|x64
		{426D0804-5C18-4C3A-957B-A7C93ECF3CEC}.Release|Any CPU.Build.0 = Release|x64
		{426D0804-5C18-4C3A-957B-A7C93ECF3CEC}.Release|Any CPU.Deploy.0 = Release|x64
		{426D0804-5C18-4C3A-957B-A7C93ECF3CEC}.Release|ARM.ActiveCfg = Release|ARM
		{426D0804-5C18-4C3A-957B-A7C93ECF3CEC}.Release|ARM.Build.0 = Release|ARM
		{426D0804-5C18-4C3A-957B-A7C93ECF3CEC}.Release|ARM.Deploy.0 = Release|ARM
		{426D0804-5C18-4C3A-957B-A7C93ECF3CEC}.Release|ARM64.ActiveCfg = Release|ARM64
		{426D0804-5C18-4C3A-957B-A7C93ECF3CEC}.Release|ARM64.Build.0 = Release|ARM64
		{426D0804-5C18-4C3A-957B-A7C93ECF3CEC}.Release|ARM64.Deploy.0 = Release|ARM64
		{426D0804-5C18-4C3A-957B-A7C93ECF3CEC}.Release|x64.ActiveCfg = Release|x64
		{426D0804-5C18-4C3A-957B-A7C93ECF3CEC}.Release|x64.Build.0 = Release|x64
		{426D0804-5C18-4C3A-957B-A7C93ECF3CEC}.Release|x64.Deploy.0 = Release|x64
		{426D0804-5C18-4C3A-957B-A7C93ECF3CEC}.Release|x86.ActiveCfg = Release|x86
		{426D0804-5C18-4C3A-957B-A7C93ECF3CEC}.Release|x86.Build.0 = Release|x86
		{426D0804-5C18-4C3A-957B-A7C93ECF3CEC}.Release|x86.Deploy.0 = Release|x86
	EndGlobalSection
	GlobalSection(SolutionProperties) = preSolution
		HideSolutionNode = FALSE
	EndGlobalSection
	GlobalSection(NestedProjects) = preSolution
		{2CFF309F-7758-46D0-A876-8CDFA040A37E} = {9982665A-5852-4203-8FC5-495C271460E0}
		{41BD8B5F-4CD5-4686-9E20-B21CDB18EB7D} = {9982665A-5852-4203-8FC5-495C271460E0}
		{4A321202-026C-42CB-BD0E-210F9290E236} = {F88009A3-0CAA-4E6A-BDA4-084AE3F34E86}
		{1B9DC7D3-0763-4F6F-9EA9-9ED5A608D273} = {9982665A-5852-4203-8FC5-495C271460E0}
		{D4AC4E87-42CF-4D14-8D44-649F13BA6824} = {F88009A3-0CAA-4E6A-BDA4-084AE3F34E86}
		{640573F2-6D58-4C6D-B6A3-AF8BA223C46A} = {9982665A-5852-4203-8FC5-495C271460E0}
		{64B42982-B487-4C31-AF70-DB623FCAE78C} = {9982665A-5852-4203-8FC5-495C271460E0}
		{A4B169A5-DC8B-404A-A9E6-98E219A04ACE} = {9982665A-5852-4203-8FC5-495C271460E0}
		{D8B43F64-6333-4565-87C8-8F2C4D52C181} = {9982665A-5852-4203-8FC5-495C271460E0}
		{426D0804-5C18-4C3A-957B-A7C93ECF3CEC} = {F88009A3-0CAA-4E6A-BDA4-084AE3F34E86}
	EndGlobalSection
	GlobalSection(ExtensibilityGlobals) = postSolution
		SolutionGuid = {4F2AB3A5-A2A4-406B-BFB8-77309B464937}
		RESX_PrefixTranslations = False
		RESX_SortFileContentOnSave = False
	EndGlobalSection
EndGlobal
